
Microsoft Visual Studio Solution File, Format Version 12.00
# Visual Studio 2017
Project("{FAE04EC0-301F-11D3-BF4B-00C04F79EFBC}") = "BookNinja-repo", "BookNinja-repo.csproj", "{8F2F72DD-6F96-A4C9-5837-666C6E4F7565}"
EndProject
Global
	GlobalSection(SolutionConfigurationPlatforms) = preSolution
		Debug|Any CPU = Debug|Any CPU
		Release|Any CPU = Release|Any CPU
	EndGlobalSection
	GlobalSection(ProjectConfigurationPlatforms) = postSolution
		{8F2F72DD-6F96-A4C9-5837-666C6E4F7565}.Debug|Any CPU.ActiveCfg = Debug|Any CPU
		{8F2F72DD-6F96-A4C9-5837-666C6E4F7565}.Debug|Any CPU.Build.0 = Debug|Any CPU
		{8F2F72DD-6F96-A4C9-5837-666C6E4F7565}.Release|Any CPU.ActiveCfg = Release|Any CPU
		{8F2F72DD-6F96-A4C9-5837-666C6E4F7565}.Release|Any CPU.Build.0 = Release|Any CPU
	EndGlobalSection
	GlobalSection(SolutionProperties) = preSolution
		HideSolutionNode = FALSE
	EndGlobalSection
EndGlobal
